// !$*UTF8*$!
{
	archiveVersion = 1;
	classes = {
	};
	objectVersion = 70;
	objects = {

/* Begin PBXBuildFile section */
		FB05F0772C9855AE00AC03DE /* Math_GameApp.swift in Sources */ = {isa = PBXBuildFile; fileRef = FB05F0762C9855AE00AC03DE /* Math_GameApp.swift */; };
		FB05F0792C9855AE00AC03DE /* MainView.swift in Sources */ = {isa = PBXBuildFile; fileRef = FB05F0782C9855AE00AC03DE /* MainView.swift */; };
		FB05F07B2C9855AF00AC03DE /* Assets.xcassets in Resources */ = {isa = PBXBuildFile; fileRef = FB05F07A2C9855AF00AC03DE /* Assets.xcassets */; };
		FB05F07F2C9855AF00AC03DE /* Preview Assets.xcassets in Resources */ = {isa = PBXBuildFile; fileRef = FB05F07E2C9855AF00AC03DE /* Preview Assets.xcassets */; };
		FB05F08D2C985B0300AC03DE /* Creattures.swift in Sources */ = {isa = PBXBuildFile; fileRef = FB05F08C2C985B0300AC03DE /* Creattures.swift */; };
		FB05F09F2C985EC700AC03DE /* Localizable.xcstrings in Resources */ = {isa = PBXBuildFile; fileRef = FB05F09E2C985EC700AC03DE /* Localizable.xcstrings */; };
		FB074A312C9A5601000BB71D /* ProblemModel.swift in Sources */ = {isa = PBXBuildFile; fileRef = FB074A302C9A5601000BB71D /* ProblemModel.swift */; };
		FB074A332C9A5BEF000BB71D /* GameModel.swift in Sources */ = {isa = PBXBuildFile; fileRef = FB074A322C9A5BEF000BB71D /* GameModel.swift */; };
		FB074A352C9A5F6B000BB71D /* MathGameViewModel.swift in Sources */ = {isa = PBXBuildFile; fileRef = FB074A342C9A5F6B000BB71D /* MathGameViewModel.swift */; };
		FB074A3E2C9A67B4000BB71D /* AdditionGameView.swift in Sources */ = {isa = PBXBuildFile; fileRef = FB074A3D2C9A67B4000BB71D /* AdditionGameView.swift */; };
		FB074A402C9A67E9000BB71D /* HighScoreView.swift in Sources */ = {isa = PBXBuildFile; fileRef = FB074A3F2C9A67E9000BB71D /* HighScoreView.swift */; };
		FB176DF82C9ACB64001C2C1B /* GameOverView.swift in Sources */ = {isa = PBXBuildFile; fileRef = FB176DF72C9ACB64001C2C1B /* GameOverView.swift */; };
		FBC2AF9A2C9B048A000C957A /* EnterNewHighScoreView.swift in Sources */ = {isa = PBXBuildFile; fileRef = FBC2AF992C9B048A000C957A /* EnterNewHighScoreView.swift */; };
		FBE686322C9A508A0040B8F0 /* HighScoresModel.xcdatamodeld in Sources */ = {isa = PBXBuildFile; fileRef = FBE686302C9A508A0040B8F0 /* HighScoresModel.xcdatamodeld */; };
		FBE686342C9A50EC0040B8F0 /* HighScoreViewModel.swift in Sources */ = {isa = PBXBuildFile; fileRef = FBE686332C9A50EC0040B8F0 /* HighScoreViewModel.swift */; };
/* End PBXBuildFile section */

/* Begin PBXFileReference section */
		FB05F0732C9855AE00AC03DE /* Math Game.app */ = {isa = PBXFileReference; explicitFileType = wrapper.application; includeInIndex = 0; path = "Math Game.app"; sourceTree = BUILT_PRODUCTS_DIR; };
		FB05F0762C9855AE00AC03DE /* Math_GameApp.swift */ = {isa = PBXFileReference; lastKnownFileType = sourcecode.swift; path = Math_GameApp.swift; sourceTree = "<group>"; };
		FB05F0782C9855AE00AC03DE /* MainView.swift */ = {isa = PBXFileReference; lastKnownFileType = sourcecode.swift; path = MainView.swift; sourceTree = "<group>"; };
		FB05F07A2C9855AF00AC03DE /* Assets.xcassets */ = {isa = PBXFileReference; lastKnownFileType = folder.assetcatalog; path = Assets.xcassets; sourceTree = "<group>"; };
		FB05F07C2C9855AF00AC03DE /* Math_Game.entitlements */ = {isa = PBXFileReference; lastKnownFileType = text.plist.entitlements; path = Math_Game.entitlements; sourceTree = "<group>"; };
		FB05F07E2C9855AF00AC03DE /* Preview Assets.xcassets */ = {isa = PBXFileReference; lastKnownFileType = folder.assetcatalog; path = "Preview Assets.xcassets"; sourceTree = "<group>"; };
		FB05F08C2C985B0300AC03DE /* Creattures.swift */ = {isa = PBXFileReference; lastKnownFileType = sourcecode.swift; path = Creattures.swift; sourceTree = "<group>"; };
		FB05F09E2C985EC700AC03DE /* Localizable.xcstrings */ = {isa = PBXFileReference; lastKnownFileType = text.json.xcstrings; path = Localizable.xcstrings; sourceTree = "<group>"; };
		FB074A302C9A5601000BB71D /* ProblemModel.swift */ = {isa = PBXFileReference; lastKnownFileType = sourcecode.swift; path = ProblemModel.swift; sourceTree = "<group>"; };
		FB074A322C9A5BEF000BB71D /* GameModel.swift */ = {isa = PBXFileReference; lastKnownFileType = sourcecode.swift; path = GameModel.swift; sourceTree = "<group>"; };
		FB074A342C9A5F6B000BB71D /* MathGameViewModel.swift */ = {isa = PBXFileReference; lastKnownFileType = sourcecode.swift; path = MathGameViewModel.swift; sourceTree = "<group>"; };
		FB074A3D2C9A67B4000BB71D /* AdditionGameView.swift */ = {isa = PBXFileReference; lastKnownFileType = sourcecode.swift; path = AdditionGameView.swift; sourceTree = "<group>"; };
		FB074A3F2C9A67E9000BB71D /* HighScoreView.swift */ = {isa = PBXFileReference; lastKnownFileType = sourcecode.swift; path = HighScoreView.swift; sourceTree = "<group>"; };
		FB176DF72C9ACB64001C2C1B /* GameOverView.swift */ = {isa = PBXFileReference; lastKnownFileType = sourcecode.swift; path = GameOverView.swift; sourceTree = "<group>"; };
		FBC2AF992C9B048A000C957A /* EnterNewHighScoreView.swift */ = {isa = PBXFileReference; lastKnownFileType = sourcecode.swift; path = EnterNewHighScoreView.swift; sourceTree = "<group>"; };
		FBE686312C9A508A0040B8F0 /* HighScoresModel.xcdatamodel */ = {isa = PBXFileReference; lastKnownFileType = wrapper.xcdatamodel; path = HighScoresModel.xcdatamodel; sourceTree = "<group>"; };
		FBE686332C9A50EC0040B8F0 /* HighScoreViewModel.swift */ = {isa = PBXFileReference; lastKnownFileType = sourcecode.swift; path = HighScoreViewModel.swift; sourceTree = "<group>"; };
/* End PBXFileReference section */

/* Begin PBXFileSystemSynchronizedRootGroup section */
		FB074A362C9A64AB000BB71D /* background */ = {isa = PBXFileSystemSynchronizedRootGroup; explicitFileTypes = {}; explicitFolders = (); path = background; sourceTree = "<group>"; };
		FBA8CA0D2C9A9C2D003E1344 /* component */ = {isa = PBXFileSystemSynchronizedRootGroup; explicitFileTypes = {}; explicitFolders = (); path = component; sourceTree = "<group>"; };
/* End PBXFileSystemSynchronizedRootGroup section */

/* Begin PBXFrameworksBuildPhase section */
		FB05F0702C9855AE00AC03DE /* Frameworks */ = {
			isa = PBXFrameworksBuildPhase;
			buildActionMask = 2147483647;
			files = (
			);
			runOnlyForDeploymentPostprocessing = 0;
		};
/* End PBXFrameworksBuildPhase section */

/* Begin PBXGroup section */
		FB05F06A2C9855AE00AC03DE = {
			isa = PBXGroup;
			children = (
				FB05F0752C9855AE00AC03DE /* Math Game */,
				FB05F0742C9855AE00AC03DE /* Products */,
			);
			sourceTree = "<group>";
		};
		FB05F0742C9855AE00AC03DE /* Products */ = {
			isa = PBXGroup;
			children = (
				FB05F0732C9855AE00AC03DE /* Math Game.app */,
			);
			name = Products;
			sourceTree = "<group>";
		};
		FB05F0752C9855AE00AC03DE /* Math Game */ = {
			isa = PBXGroup;
			children = (
				FB05F0892C9856DF00AC03DE /* constants */,
				FB05F0882C9856D800AC03DE /* extensions */,
				FB05F0872C9856CD00AC03DE /* model */,
				FB05F0862C9856C900AC03DE /* viewModel */,
				FB05F0852C9856C000AC03DE /* view */,
				FB05F0762C9855AE00AC03DE /* Math_GameApp.swift */,
				FB05F07A2C9855AF00AC03DE /* Assets.xcassets */,
				FB05F07C2C9855AF00AC03DE /* Math_Game.entitlements */,
				FB05F07D2C9855AF00AC03DE /* Preview Content */,
			);
			path = "Math Game";
			sourceTree = "<group>";
		};
		FB05F07D2C9855AF00AC03DE /* Preview Content */ = {
			isa = PBXGroup;
			children = (
				FB05F07E2C9855AF00AC03DE /* Preview Assets.xcassets */,
			);
			path = "Preview Content";
			sourceTree = "<group>";
		};
		FB05F0852C9856C000AC03DE /* view */ = {
			isa = PBXGroup;
			children = (
				FB074A362C9A64AB000BB71D /* background */,
				FB05F08B2C9856F700AC03DE /* highScore */,
				FB05F08A2C9856E800AC03DE /* additionGame */,
				FB05F0782C9855AE00AC03DE /* MainView.swift */,
			);
			path = view;
			sourceTree = "<group>";
		};
		FB05F0862C9856C900AC03DE /* viewModel */ = {
			isa = PBXGroup;
			children = (
				FBE686332C9A50EC0040B8F0 /* HighScoreViewModel.swift */,
				FB074A342C9A5F6B000BB71D /* MathGameViewModel.swift */,
			);
			path = viewModel;
			sourceTree = "<group>";
		};
		FB05F0872C9856CD00AC03DE /* model */ = {
			isa = PBXGroup;
			children = (
				FBE686302C9A508A0040B8F0 /* HighScoresModel.xcdatamodeld */,
				FB074A302C9A5601000BB71D /* ProblemModel.swift */,
				FB074A322C9A5BEF000BB71D /* GameModel.swift */,
			);
			path = model;
			sourceTree = "<group>";
		};
		FB05F0882C9856D800AC03DE /* extensions */ = {
			isa = PBXGroup;
			children = (
			);
			path = extensions;
			sourceTree = "<group>";
		};
		FB05F0892C9856DF00AC03DE /* constants */ = {
			isa = PBXGroup;
			children = (
				FB05F08C2C985B0300AC03DE /* Creattures.swift */,
				FB05F09E2C985EC700AC03DE /* Localizable.xcstrings */,
			);
			path = constants;
			sourceTree = "<group>";
		};
		FB05F08A2C9856E800AC03DE /* additionGame */ = {
			isa = PBXGroup;
			children = (
				FBA8CA0D2C9A9C2D003E1344 /* component */,
				FB074A3D2C9A67B4000BB71D /* AdditionGameView.swift */,
				FB176DF72C9ACB64001C2C1B /* GameOverView.swift */,
				FBC2AF992C9B048A000C957A /* EnterNewHighScoreView.swift */,
			);
			path = additionGame;
			sourceTree = "<group>";
		};
		FB05F08B2C9856F700AC03DE /* highScore */ = {
			isa = PBXGroup;
			children = (
				FB074A3F2C9A67E9000BB71D /* HighScoreView.swift */,
			);
			path = highScore;
			sourceTree = "<group>";
		};
/* End PBXGroup section */

/* Begin PBXNativeTarget section */
		FB05F0722C9855AE00AC03DE /* Math Game */ = {
			isa = PBXNativeTarget;
			buildConfigurationList = FB05F0822C9855AF00AC03DE /* Build configuration list for PBXNativeTarget "Math Game" */;
			buildPhases = (
				FB05F06F2C9855AE00AC03DE /* Sources */,
				FB05F0702C9855AE00AC03DE /* Frameworks */,
				FB05F0712C9855AE00AC03DE /* Resources */,
			);
			buildRules = (
			);
			dependencies = (
			);
			fileSystemSynchronizedGroups = (
				FB074A362C9A64AB000BB71D /* background */,
				FBA8CA0D2C9A9C2D003E1344 /* component */,
			);
			name = "Math Game";
			productName = "Math Game";
			productReference = FB05F0732C9855AE00AC03DE /* Math Game.app */;
			productType = "com.apple.product-type.application";
		};
/* End PBXNativeTarget section */

/* Begin PBXProject section */
		FB05F06B2C9855AE00AC03DE /* Project object */ = {
			isa = PBXProject;
			attributes = {
				BuildIndependentTargetsInParallel = 1;
				LastSwiftUpdateCheck = 1540;
				LastUpgradeCheck = 1540;
				TargetAttributes = {
					FB05F0722C9855AE00AC03DE = {
						CreatedOnToolsVersion = 15.4;
					};
				};
			};
			buildConfigurationList = FB05F06E2C9855AE00AC03DE /* Build configuration list for PBXProject "Math Game" */;
			compatibilityVersion = "Xcode 14.0";
			developmentRegion = en;
			hasScannedForEncodings = 0;
			knownRegions = (
				en,
				Base,
				ar,
				fr,
				he,
				it,
				"pt-PT",
				tr,
			);
			mainGroup = FB05F06A2C9855AE00AC03DE;
			productRefGroup = FB05F0742C9855AE00AC03DE /* Products */;
			projectDirPath = "";
			projectRoot = "";
			targets = (
				FB05F0722C9855AE00AC03DE /* Math Game */,
			);
		};
/* End PBXProject section */

/* Begin PBXResourcesBuildPhase section */
		FB05F0712C9855AE00AC03DE /* Resources */ = {
			isa = PBXResourcesBuildPhase;
			buildActionMask = 2147483647;
			files = (
				FB05F07F2C9855AF00AC03DE /* Preview Assets.xcassets in Resources */,
				FB05F07B2C9855AF00AC03DE /* Assets.xcassets in Resources */,
				FB05F09F2C985EC700AC03DE /* Localizable.xcstrings in Resources */,
			);
			runOnlyForDeploymentPostprocessing = 0;
		};
/* End PBXResourcesBuildPhase section */

/* Begin PBXSourcesBuildPhase section */
		FB05F06F2C9855AE00AC03DE /* Sources */ = {
			isa = PBXSourcesBuildPhase;
			buildActionMask = 2147483647;
			files = (
				FBE686342C9A50EC0040B8F0 /* HighScoreViewModel.swift in Sources */,
				FB074A402C9A67E9000BB71D /* HighScoreView.swift in Sources */,
				FBE686322C9A508A0040B8F0 /* HighScoresModel.xcdatamodeld in Sources */,
				FB074A352C9A5F6B000BB71D /* MathGameViewModel.swift in Sources */,
				FB176DF82C9ACB64001C2C1B /* GameOverView.swift in Sources */,
				FBC2AF9A2C9B048A000C957A /* EnterNewHighScoreView.swift in Sources */,
				FB05F0792C9855AE00AC03DE /* MainView.swift in Sources */,
				FB074A312C9A5601000BB71D /* ProblemModel.swift in Sources */,
				FB05F08D2C985B0300AC03DE /* Creattures.swift in Sources */,
				FB074A332C9A5BEF000BB71D /* GameModel.swift in Sources */,
				FB074A3E2C9A67B4000BB71D /* AdditionGameView.swift in Sources */,
				FB05F0772C9855AE00AC03DE /* Math_GameApp.swift in Sources */,
			);
			runOnlyForDeploymentPostprocessing = 0;
		};
/* End PBXSourcesBuildPhase section */

/* Begin XCBuildConfiguration section */
		FB05F0802C9855AF00AC03DE /* Debug */ = {
			isa = XCBuildConfiguration;
			buildSettings = {
				ALWAYS_SEARCH_USER_PATHS = NO;
				ASSETCATALOG_COMPILER_GENERATE_SWIFT_ASSET_SYMBOL_EXTENSIONS = YES;
				CLANG_ANALYZER_NONNULL = YES;
				CLANG_ANALYZER_NUMBER_OBJECT_CONVERSION = YES_AGGRESSIVE;
				CLANG_CXX_LANGUAGE_STANDARD = "gnu++20";
				CLANG_ENABLE_MODULES = YES;
				CLANG_ENABLE_OBJC_ARC = YES;
				CLANG_ENABLE_OBJC_WEAK = YES;
				CLANG_WARN_BLOCK_CAPTURE_AUTORELEASING = YES;
				CLANG_WARN_BOOL_CONVERSION = YES;
				CLANG_WARN_COMMA = YES;
				CLANG_WARN_CONSTANT_CONVERSION = YES;
				CLANG_WARN_DEPRECATED_OBJC_IMPLEMENTATIONS = YES;
				CLANG_WARN_DIRECT_OBJC_ISA_USAGE = YES_ERROR;
				CLANG_WARN_DOCUMENTATION_COMMENTS = YES;
				CLANG_WARN_EMPTY_BODY = YES;
				CLANG_WARN_ENUM_CONVERSION = YES;
				CLANG_WARN_INFINITE_RECURSION = YES;
				CLANG_WARN_INT_CONVERSION = YES;
				CLANG_WARN_NON_LITERAL_NULL_CONVERSION = YES;
				CLANG_WARN_OBJC_IMPLICIT_RETAIN_SELF = YES;
				CLANG_WARN_OBJC_LITERAL_CONVERSION = YES;
				CLANG_WARN_OBJC_ROOT_CLASS = YES_ERROR;
				CLANG_WARN_QUOTED_INCLUDE_IN_FRAMEWORK_HEADER = YES;
				CLANG_WARN_RANGE_LOOP_ANALYSIS = YES;
				CLANG_WARN_STRICT_PROTOTYPES = YES;
				CLANG_WARN_SUSPICIOUS_MOVE = YES;
				CLANG_WARN_UNGUARDED_AVAILABILITY = YES_AGGRESSIVE;
				CLANG_WARN_UNREACHABLE_CODE = YES;
				CLANG_WARN__DUPLICATE_METHOD_MATCH = YES;
				COPY_PHASE_STRIP = NO;
				DEBUG_INFORMATION_FORMAT = dwarf;
				ENABLE_STRICT_OBJC_MSGSEND = YES;
				ENABLE_TESTABILITY = YES;
				ENABLE_USER_SCRIPT_SANDBOXING = YES;
				GCC_C_LANGUAGE_STANDARD = gnu17;
				GCC_DYNAMIC_NO_PIC = NO;
				GCC_NO_COMMON_BLOCKS = YES;
				GCC_OPTIMIZATION_LEVEL = 0;
				GCC_PREPROCESSOR_DEFINITIONS = (
					"DEBUG=1",
					"$(inherited)",
				);
				GCC_WARN_64_TO_32_BIT_CONVERSION = YES;
				GCC_WARN_ABOUT_RETURN_TYPE = YES_ERROR;
				GCC_WARN_UNDECLARED_SELECTOR = YES;
				GCC_WARN_UNINITIALIZED_AUTOS = YES_AGGRESSIVE;
				GCC_WARN_UNUSED_FUNCTION = YES;
				GCC_WARN_UNUSED_VARIABLE = YES;
				LOCALIZATION_PREFERS_STRING_CATALOGS = YES;
				MTL_ENABLE_DEBUG_INFO = INCLUDE_SOURCE;
				MTL_FAST_MATH = YES;
				ONLY_ACTIVE_ARCH = YES;
				SWIFT_ACTIVE_COMPILATION_CONDITIONS = "DEBUG $(inherited)";
				SWIFT_OPTIMIZATION_LEVEL = "-Onone";
			};
			name = Debug;
		};
		FB05F0812C9855AF00AC03DE /* Release */ = {
			isa = XCBuildConfiguration;
			buildSettings = {
				ALWAYS_SEARCH_USER_PATHS = NO;
				ASSETCATALOG_COMPILER_GENERATE_SWIFT_ASSET_SYMBOL_EXTENSIONS = YES;
				CLANG_ANALYZER_NONNULL = YES;
				CLANG_ANALYZER_NUMBER_OBJECT_CONVERSION = YES_AGGRESSIVE;
				CLANG_CXX_LANGUAGE_STANDARD = "gnu++20";
				CLANG_ENABLE_MODULES = YES;
				CLANG_ENABLE_OBJC_ARC = YES;
				CLANG_ENABLE_OBJC_WEAK = YES;
				CLANG_WARN_BLOCK_CAPTURE_AUTORELEASING = YES;
				CLANG_WARN_BOOL_CONVERSION = YES;
				CLANG_WARN_COMMA = YES;
				CLANG_WARN_CONSTANT_CONVERSION = YES;
				CLANG_WARN_DEPRECATED_OBJC_IMPLEMENTATIONS = YES;
				CLANG_WARN_DIRECT_OBJC_ISA_USAGE = YES_ERROR;
				CLANG_WARN_DOCUMENTATION_COMMENTS = YES;
				CLANG_WARN_EMPTY_BODY = YES;
				CLANG_WARN_ENUM_CONVERSION = YES;
				CLANG_WARN_INFINITE_RECURSION = YES;
				CLANG_WARN_INT_CONVERSION = YES;
				CLANG_WARN_NON_LITERAL_NULL_CONVERSION = YES;
				CLANG_WARN_OBJC_IMPLICIT_RETAIN_SELF = YES;
				CLANG_WARN_OBJC_LITERAL_CONVERSION = YES;
				CLANG_WARN_OBJC_ROOT_CLASS = YES_ERROR;
				CLANG_WARN_QUOTED_INCLUDE_IN_FRAMEWORK_HEADER = YES;
				CLANG_WARN_RANGE_LOOP_ANALYSIS = YES;
				CLANG_WARN_STRICT_PROTOTYPES = YES;
				CLANG_WARN_SUSPICIOUS_MOVE = YES;
				CLANG_WARN_UNGUARDED_AVAILABILITY = YES_AGGRESSIVE;
				CLANG_WARN_UNREACHABLE_CODE = YES;
				CLANG_WARN__DUPLICATE_METHOD_MATCH = YES;
				COPY_PHASE_STRIP = NO;
				DEBUG_INFORMATION_FORMAT = "dwarf-with-dsym";
				ENABLE_NS_ASSERTIONS = NO;
				ENABLE_STRICT_OBJC_MSGSEND = YES;
				ENABLE_USER_SCRIPT_SANDBOXING = YES;
				GCC_C_LANGUAGE_STANDARD = gnu17;
				GCC_NO_COMMON_BLOCKS = YES;
				GCC_WARN_64_TO_32_BIT_CONVERSION = YES;
				GCC_WARN_ABOUT_RETURN_TYPE = YES_ERROR;
				GCC_WARN_UNDECLARED_SELECTOR = YES;
				GCC_WARN_UNINITIALIZED_AUTOS = YES_AGGRESSIVE;
				GCC_WARN_UNUSED_FUNCTION = YES;
				GCC_WARN_UNUSED_VARIABLE = YES;
				LOCALIZATION_PREFERS_STRING_CATALOGS = YES;
				MTL_ENABLE_DEBUG_INFO = NO;
				MTL_FAST_MATH = YES;
				SWIFT_COMPILATION_MODE = wholemodule;
			};
			name = Release;
		};
		FB05F0832C9855AF00AC03DE /* Debug */ = {
			isa = XCBuildConfiguration;
			buildSettings = {
				ASSETCATALOG_COMPILER_APPICON_NAME = AppIcon;
				ASSETCATALOG_COMPILER_GLOBAL_ACCENT_COLOR_NAME = AccentColor;
				CODE_SIGN_ENTITLEMENTS = "Math Game/Math_Game.entitlements";
				CODE_SIGN_STYLE = Automatic;
				CURRENT_PROJECT_VERSION = 1;
				DEVELOPMENT_ASSET_PATHS = "\"Math Game/Preview Content\"";
				DEVELOPMENT_TEAM = RF2V894835;
				ENABLE_HARDENED_RUNTIME = YES;
				ENABLE_PREVIEWS = YES;
				GENERATE_INFOPLIST_FILE = YES;
				"INFOPLIST_KEY_UIApplicationSceneManifest_Generation[sdk=iphoneos*]" = YES;
				"INFOPLIST_KEY_UIApplicationSceneManifest_Generation[sdk=iphonesimulator*]" = YES;
				"INFOPLIST_KEY_UIApplicationSupportsIndirectInputEvents[sdk=iphoneos*]" = YES;
				"INFOPLIST_KEY_UIApplicationSupportsIndirectInputEvents[sdk=iphonesimulator*]" = YES;
				"INFOPLIST_KEY_UILaunchScreen_Generation[sdk=iphoneos*]" = YES;
				"INFOPLIST_KEY_UILaunchScreen_Generation[sdk=iphonesimulator*]" = YES;
				"INFOPLIST_KEY_UIStatusBarStyle[sdk=iphoneos*]" = UIStatusBarStyleDefault;
				"INFOPLIST_KEY_UIStatusBarStyle[sdk=iphonesimulator*]" = UIStatusBarStyleDefault;
				INFOPLIST_KEY_UISupportedInterfaceOrientations_iPad = "UIInterfaceOrientationPortrait UIInterfaceOrientationPortraitUpsideDown UIInterfaceOrientationLandscapeLeft UIInterfaceOrientationLandscapeRight";
				INFOPLIST_KEY_UISupportedInterfaceOrientations_iPhone = "UIInterfaceOrientationPortrait UIInterfaceOrientationLandscapeLeft UIInterfaceOrientationLandscapeRight";
				IPHONEOS_DEPLOYMENT_TARGET = 17.5;
				LD_RUNPATH_SEARCH_PATHS = "@executable_path/Frameworks";
				"LD_RUNPATH_SEARCH_PATHS[sdk=macosx*]" = "@executable_path/../Frameworks";
				MACOSX_DEPLOYMENT_TARGET = 14.5;
				MARKETING_VERSION = 1.0;
				PRODUCT_BUNDLE_IDENTIFIER = "com.kakapo.Math-Game";
				PRODUCT_NAME = "$(TARGET_NAME)";
				SDKROOT = auto;
				SUPPORTED_PLATFORMS = "iphoneos iphonesimulator macosx";
				SWIFT_EMIT_LOC_STRINGS = YES;
				SWIFT_VERSION = 5.0;
				TARGETED_DEVICE_FAMILY = "1,2";
			};
			name = Debug;
		};
		FB05F0842C9855AF00AC03DE /* Release */ = {
			isa = XCBuildConfiguration;
			buildSettings = {
				ASSETCATALOG_COMPILER_APPICON_NAME = AppIcon;
				ASSETCATALOG_COMPILER_GLOBAL_ACCENT_COLOR_NAME = AccentColor;
				CODE_SIGN_ENTITLEMENTS = "Math Game/Math_Game.entitlements";
				CODE_SIGN_STYLE = Automatic;
				CURRENT_PROJECT_VERSION = 1;
				DEVELOPMENT_ASSET_PATHS = "\"Math Game/Preview Content\"";
				DEVELOPMENT_TEAM = RF2V894835;
				ENABLE_HARDENED_RUNTIME = YES;
				ENABLE_PREVIEWS = YES;
				GENERATE_INFOPLIST_FILE = YES;
				"INFOPLIST_KEY_UIApplicationSceneManifest_Generation[sdk=iphoneos*]" = YES;
				"INFOPLIST_KEY_UIApplicationSceneManifest_Generation[sdk=iphonesimulator*]" = YES;
				"INFOPLIST_KEY_UIApplicationSupportsIndirectInputEvents[sdk=iphoneos*]" = YES;
				"INFOPLIST_KEY_UIApplicationSupportsIndirectInputEvents[sdk=iphonesimulator*]" = YES;
				"INFOPLIST_KEY_UILaunchScreen_Generation[sdk=iphoneos*]" = YES;
				"INFOPLIST_KEY_UILaunchScreen_Generation[sdk=iphonesimulator*]" = YES;
				"INFOPLIST_KEY_UIStatusBarStyle[sdk=iphoneos*]" = UIStatusBarStyleDefault;
				"INFOPLIST_KEY_UIStatusBarStyle[sdk=iphonesimulator*]" = UIStatusBarStyleDefault;
				INFOPLIST_KEY_UISupportedInterfaceOrientations_iPad = "UIInterfaceOrientationPortrait UIInterfaceOrientationPortraitUpsideDown UIInterfaceOrientationLandscapeLeft UIInterfaceOrientationLandscapeRight";
				INFOPLIST_KEY_UISupportedInterfaceOrientations_iPhone = "UIInterfaceOrientationPortrait UIInterfaceOrientationLandscapeLeft UIInterfaceOrientationLandscapeRight";
				IPHONEOS_DEPLOYMENT_TARGET = 17.5;
				LD_RUNPATH_SEARCH_PATHS = "@executable_path/Frameworks";
				"LD_RUNPATH_SEARCH_PATHS[sdk=macosx*]" = "@executable_path/../Frameworks";
				MACOSX_DEPLOYMENT_TARGET = 14.5;
				MARKETING_VERSION = 1.0;
				PRODUCT_BUNDLE_IDENTIFIER = "com.kakapo.Math-Game";
				PRODUCT_NAME = "$(TARGET_NAME)";
				SDKROOT = auto;
				SUPPORTED_PLATFORMS = "iphoneos iphonesimulator macosx";
				SWIFT_EMIT_LOC_STRINGS = YES;
				SWIFT_VERSION = 5.0;
				TARGETED_DEVICE_FAMILY = "1,2";
			};
			name = Release;
		};
/* End XCBuildConfiguration section */

/* Begin XCConfigurationList section */
		FB05F06E2C9855AE00AC03DE /* Build configuration list for PBXProject "Math Game" */ = {
			isa = XCConfigurationList;
			buildConfigurations = (
				FB05F0802C9855AF00AC03DE /* Debug */,
				FB05F0812C9855AF00AC03DE /* Release */,
			);
			defaultConfigurationIsVisible = 0;
			defaultConfigurationName = Release;
		};
		FB05F0822C9855AF00AC03DE /* Build configuration list for PBXNativeTarget "Math Game" */ = {
			isa = XCConfigurationList;
			buildConfigurations = (
				FB05F0832C9855AF00AC03DE /* Debug */,
				FB05F0842C9855AF00AC03DE /* Release */,
			);
			defaultConfigurationIsVisible = 0;
			defaultConfigurationName = Release;
		};
/* End XCConfigurationList section */

/* Begin XCVersionGroup section */
		FBE686302C9A508A0040B8F0 /* HighScoresModel.xcdatamodeld */ = {
			isa = XCVersionGroup;
			children = (
				FBE686312C9A508A0040B8F0 /* HighScoresModel.xcdatamodel */,
			);
			currentVersion = FBE686312C9A508A0040B8F0 /* HighScoresModel.xcdatamodel */;
			path = HighScoresModel.xcdatamodeld;
			sourceTree = "<group>";
			versionGroupType = wrapper.xcdatamodel;
		};
/* End XCVersionGroup section */
	};
	rootObject = FB05F06B2C9855AE00AC03DE /* Project object */;
}
